<?xml version="1.0" encoding="UTF-8" standalone="yes" ?>
<CodeBlocks_project_file>
	<FileVersion major="1" minor="6" />
	<Project>
		<Option title="ProyectoEDD" />
		<Option pch_mode="2" />
		<Option compiler="gcc" />
		<Build>
			<Target title="Debug">
				<Option output="bin/Debug/ProyectoEDD" prefix_auto="1" extension_auto="1" />
				<Option object_output="obj/Debug/" />
				<Option type="1" />
				<Option compiler="gcc" />
				<Compiler>
					<Add option="-g" />
					<Add directory="include" />
				</Compiler>
			</Target>
			<Target title="Release">
				<Option output="bin/Release/ProyectoEDD" prefix_auto="1" extension_auto="1" />
				<Option object_output="obj/Release/" />
				<Option type="1" />
				<Option compiler="gcc" />
				<Compiler>
					<Add option="-O2" />
					<Add directory="include" />
				</Compiler>
				<Linker>
					<Add option="-s" />
				</Linker>
			</Target>
		</Build>
		<Compiler>
			<Add option="-Wall" />
			<Add option="-fexceptions" />
		</Compiler>
		<Unit filename="include/Arbol_Busqueda.h" />
		<Unit filename="include/CirculadDoublyLinkedList.h" />
		<Unit filename="include/Cola.h" />
		<Unit filename="include/LinkedList_Personal.h" />
		<Unit filename="include/Node_ABB.h" />
		<Unit filename="include/Node_CD.h" />
		<Unit filename="include/Node_Score_Personal.h" />
		<Unit filename="include/Node_Sparse.h" />
		<Unit filename="include/Node_Token.h" />
		<Unit filename="include/Read_File.h" />
		<Unit filename="include/Sparse_Matrix.h" />
		<Unit filename="main.cpp" />
		<Unit filename="src/Arbol_Busqueda.cpp" />
		<Unit filename="src/CirculadDoublyLinkedList.cpp" />
		<Unit filename="src/Cola.cpp" />
		<Unit filename="src/LinkedList_Personal.cpp" />
		<Unit filename="src/Node_ABB.cpp" />
		<Unit filename="src/Node_CD.cpp" />
		<Unit filename="src/Node_Score_Personal.cpp" />
		<Unit filename="src/Node_Sparse.cpp" />
		<Unit filename="src/Node_Token.cpp" />
		<Unit filename="src/Read_File.cpp" />
		<Unit filename="src/Sparse_Matrix.cpp" />
		<Extensions>
			<code_completion />
			<debugger />
		</Extensions>
	</Project>
</CodeBlocks_project_file>
